{
  "requires": true,
  "lockfileVersion": 1,
  "dependencies": {
    "fast-watch": {
      "version": "1.0.0",
      "resolved": "https://registry.npmjs.org/fast-watch/-/fast-watch-1.0.0.tgz",
      "integrity": "sha1-gZRKwcg7sL9XUpMSKFIG1y4x5cA="
    },
    "glslx": {
      "version": "0.1.19",
      "resolved": "https://registry.npmjs.org/glslx/-/glslx-0.1.19.tgz",
      "integrity": "sha1-Q1hxo9F9zzDLjmDOtJbbh7PldEQ="
    },
    "opentype.js": {
      "version": "0.6.0",
      "resolved": "https://registry.npmjs.org/opentype.js/-/opentype.js-0.6.0.tgz",
      "integrity": "sha1-G9SdNj1lZ8qUGitF4ETQ2O1oz70=",
      "requires": {
        "tiny-inflate": "^1.0.1"
      }
    },
    "skew": {
      "version": "0.7.38",
      "resolved": "https://registry.npmjs.org/skew/-/skew-0.7.38.tgz",
      "integrity": "sha1-nBA8MmnyUsIsuovnfqdWqt9LT54="
    },
    "tiny-inflate": {
      "version": "1.0.3",
      "resolved": "https://registry.npmjs.org/tiny-inflate/-/tiny-inflate-1.0.3.tgz",
      "integrity": "sha512-pkY1fj1cKHb2seWDy0B16HeWyczlJA9/WW3u3c4z/NiWDsO3DOU5D7nhTLE9CF0yXv/QZFY7sEJmj24dK+Rrqw=="
    }
  }
}
